
Microsoft Visual Studio Solution File, Format Version 12.00
# Visual Studio Version 17
VisualStudioVersion = 17.6.33815.320
MinimumVisualStudioVersion = 10.0.40219.1
Project("{9A19103F-16F7-4668-BE54-9A1E7A4F7556}") = "Overlisten.Browser", "Overlisten\Overlisten.Browser\Overlisten.Browser.csproj", "{6F30868C-0103-4F18-A99B-1D9D4FFEE6D2}"
EndProject
Project("{9A19103F-16F7-4668-BE54-9A1E7A4F7556}") = "Overlisten", "Overlisten\Overlisten\Overlisten.csproj", "{012603D1-4A4D-4F0E-97BE-C75690FB1485}"
EndProject
Project("{9A19103F-16F7-4668-BE54-9A1E7A4F7556}") = "Overlisten.Simulator", "Overlisten\Overlisten.Simulator\Overlisten.Simulator.csproj", "{DA52DC57-E8FA-4DD4-8955-B36B5EEB424D}"
EndProject
Project("{9A19103F-16F7-4668-BE54-9A1E7A4F7556}") = "DataFormatter", "DataFormatter\DataFormatter.csproj", "{1BD22A1A-0311-469E-8400-C635DEE3A71D}"
EndProject
Project("{2150E333-8FDC-42A3-9474-1A3956D46DE8}") = "Éléments de solution", "Éléments de solution", "{09F09C59-C4FC-4064-87DB-B1CFBA60BB6F}"
	ProjectSection(SolutionItems) = preProject
		.gitignore = .gitignore
		notice.txt = notice.txt
	EndProjectSection
EndProject
Project("{9A19103F-16F7-4668-BE54-9A1E7A4F7556}") = "OverlistenClassLibrary", "OverlistenClassLibrary\OverlistenClassLibrary.csproj", "{AB227260-3863-45D0-9047-ABE4ADEC1BB9}"
EndProject
Global
	GlobalSection(SolutionConfigurationPlatforms) = preSolution
		Debug|Any CPU = Debug|Any CPU
		Release|Any CPU = Release|Any CPU
	EndGlobalSection
	GlobalSection(ProjectConfigurationPlatforms) = postSolution
		{6F30868C-0103-4F18-A99B-1D9D4FFEE6D2}.Debug|Any CPU.ActiveCfg = Debug|Any CPU
		{6F30868C-0103-4F18-A99B-1D9D4FFEE6D2}.Debug|Any CPU.Build.0 = Debug|Any CPU
		{6F30868C-0103-4F18-A99B-1D9D4FFEE6D2}.Release|Any CPU.ActiveCfg = Release|Any CPU
		{6F30868C-0103-4F18-A99B-1D9D4FFEE6D2}.Release|Any CPU.Build.0 = Release|Any CPU
		{012603D1-4A4D-4F0E-97BE-C75690FB1485}.Debug|Any CPU.ActiveCfg = Debug|Any CPU
		{012603D1-4A4D-4F0E-97BE-C75690FB1485}.Debug|Any CPU.Build.0 = Debug|Any CPU
		{012603D1-4A4D-4F0E-97BE-C75690FB1485}.Release|Any CPU.ActiveCfg = Release|Any CPU
		{012603D1-4A4D-4F0E-97BE-C75690FB1485}.Release|Any CPU.Build.0 = Release|Any CPU
		{DA52DC57-E8FA-4DD4-8955-B36B5EEB424D}.Debug|Any CPU.ActiveCfg = Debug|Any CPU
		{DA52DC57-E8FA-4DD4-8955-B36B5EEB424D}.Debug|Any CPU.Build.0 = Debug|Any CPU
		{DA52DC57-E8FA-4DD4-8955-B36B5EEB424D}.Release|Any CPU.ActiveCfg = Release|Any CPU
		{DA52DC57-E8FA-4DD4-8955-B36B5EEB424D}.Release|Any CPU.Build.0 = Release|Any CPU
		{1BD22A1A-0311-469E-8400-C635DEE3A71D}.Debug|Any CPU.ActiveCfg = Debug|Any CPU
		{1BD22A1A-0311-469E-8400-C635DEE3A71D}.Debug|Any CPU.Build.0 = Debug|Any CPU
		{1BD22A1A-0311-469E-8400-C635DEE3A71D}.Release|Any CPU.ActiveCfg = Release|Any CPU
		{1BD22A1A-0311-469E-8400-C635DEE3A71D}.Release|Any CPU.Build.0 = Release|Any CPU
		{AB227260-3863-45D0-9047-ABE4ADEC1BB9}.Debug|Any CPU.ActiveCfg = Debug|Any CPU
		{AB227260-3863-45D0-9047-ABE4ADEC1BB9}.Debug|Any CPU.Build.0 = Debug|Any CPU
		{AB227260-3863-45D0-9047-ABE4ADEC1BB9}.Release|Any CPU.ActiveCfg = Release|Any CPU
		{AB227260-3863-45D0-9047-ABE4ADEC1BB9}.Release|Any CPU.Build.0 = Release|Any CPU
	EndGlobalSection
	GlobalSection(SolutionProperties) = preSolution
		HideSolutionNode = FALSE
	EndGlobalSection
	GlobalSection(ExtensibilityGlobals) = postSolution
		SolutionGuid = {C1C530D8-B336-42D4-ADEC-07F614D3DB93}
	EndGlobalSection
EndGlobal
